<?xml version="1.0" encoding="utf-8"?>
<Project ToolsVersion="4.0" xmlns="http://schemas.microsoft.com/developer/msbuild/2003">
  <ItemGroup>
    <Filter Include="Source Files">
      <UniqueIdentifier>{4FC737F1-C7A5-4376-A066-2A32D752A2FF}</UniqueIdentifier>
      <Extensions>cpp;c;cc;cxx;def;odl;idl;hpj;bat;asm;asmx</Extensions>
    </Filter>
    <Filter Include="Header Files">
      <UniqueIdentifier>{93995380-89BD-4b04-88EB-625FBE52EBFB}</UniqueIdentifier>
      <Extensions>h;hpp;hxx;hm;inl;inc;xsd</Extensions>
    </Filter>
    <Filter Include="Source Files\World">
      <UniqueIdentifier>{7718bf89-5125-4831-9892-d743849daaa4}</UniqueIdentifier>
    </Filter>
    <Filter Include="Header Files\World">
      <UniqueIdentifier>{3ae0a3bd-b76c-4fc4-82c6-cbe7082a447f}</UniqueIdentifier>
    </Filter>
    <Filter Include="Header Files\Packets">
      <UniqueIdentifier>{c7999bcf-e402-4eb0-8d98-00fa7307521c}</UniqueIdentifier>
    </Filter>
  </ItemGroup>
  <ItemGroup>
    <ClInclude Include="Include\KeyStates.h">
      <Filter>Header Files</Filter>
    </ClInclude>
    <ClInclude Include="Include\KeyValues.h">
      <Filter>Header Files</Filter>
    </ClInclude>
    <ClInclude Include="Include\Material.h">
      <Filter>Header Files</Filter>
    </ClInclude>
    <ClInclude Include="Include\MeleeWeapon.h">
      <Filter>Header Files</Filter>
    </ClInclude>
    <ClInclude Include="Include\Projectile.h">
      <Filter>Header Files</Filter>
    </ClInclude>
    <ClInclude Include="Include\RangedWeapon.h">
      <Filter>Header Files</Filter>
    </ClInclude>
    <ClInclude Include="Include\Weapon.h">
      <Filter>Header Files</Filter>
    </ClInclude>
    <ClInclude Include="Include\Container.h">
      <Filter>Header Files</Filter>
    </ClInclude>
    <ClInclude Include="Include\Food.h">
      <Filter>Header Files</Filter>
    </ClInclude>
    <ClInclude Include="Include\Gear.h">
      <Filter>Header Files</Filter>
    </ClInclude>
    <ClInclude Include="Include\Inventory.h">
      <Filter>Header Files</Filter>
    </ClInclude>
    <ClInclude Include="Include\Item.h">
      <Filter>Header Files</Filter>
    </ClInclude>
    <ClInclude Include="Include\NetworkMessageConverter.h">
      <Filter>Header Files</Filter>
    </ClInclude>
    <ClInclude Include="Include\ClientServerMessages.h">
      <Filter>Header Files</Filter>
    </ClInclude>
    <ClInclude Include="..\Client\Source\KeyUtil\KeyBindConfig.h">
      <Filter>Header Files</Filter>
    </ClInclude>
    <ClInclude Include="..\Client\Source\KeyUtil\Keybinds.h">
      <Filter>Header Files</Filter>
    </ClInclude>
    <ClInclude Include="..\Client\Source\KeyUtil\KeyConverter.h">
      <Filter>Header Files</Filter>
    </ClInclude>
    <ClInclude Include="..\Client\Source\KeyUtil\KeyHandler.h">
      <Filter>Header Files</Filter>
    </ClInclude>
    <ClInclude Include="Include\World\Observer.h">
      <Filter>Header Files\World</Filter>
    </ClInclude>
    <ClInclude Include="Include\World\Sector.h">
      <Filter>Header Files\World</Filter>
    </ClInclude>
    <ClInclude Include="Include\World\World.h">
      <Filter>Header Files\World</Filter>
    </ClInclude>
    <ClInclude Include="Include\World\WorldEvents.h">
      <Filter>Header Files\World</Filter>
    </ClInclude>
    <ClInclude Include="Include\World\WorldFile.h">
      <Filter>Header Files\World</Filter>
    </ClInclude>
    <ClInclude Include="Include\World\WorldRenderer.h">
      <Filter>Header Files\World</Filter>
    </ClInclude>
    <ClInclude Include="Include\World\CircleAndRect.h">
      <Filter>Header Files\World</Filter>
    </ClInclude>
    <ClInclude Include="Include\World\Entity.h">
      <Filter>Header Files\World</Filter>
    </ClInclude>
    <ClInclude Include="Include\World\EntityList.h">
      <Filter>Header Files\World</Filter>
    </ClInclude>
    <ClInclude Include="Include\ItemLookup.h">
      <Filter>Header Files</Filter>
    </ClInclude>
    <ClInclude Include="Include\Packets\ServerFramePacket.h">
      <Filter>Header Files\Packets</Filter>
    </ClInclude>
    <ClInclude Include="Include\Packets\Packet.h">
      <Filter>Header Files\Packets</Filter>
    </ClInclude>
    <ClInclude Include="Include\Bandage.h">
      <Filter>Header Files</Filter>
    </ClInclude>
    <ClInclude Include="Include\AnimationStates.h">
      <Filter>Header Files</Filter>
    </ClInclude>
    <ClInclude Include="Include\Packets\NewActorPacket.h">
      <Filter>Header Files\Packets</Filter>
    </ClInclude>
    <ClInclude Include="Include\AnimationFileReader.h">
      <Filter>Header Files</Filter>
    </ClInclude>
    <ClInclude Include="Include\GameTimer.h">
      <Filter>Header Files</Filter>
    </ClInclude>
    <ClInclude Include="Source\ActorEvents.h">
      <Filter>Header Files</Filter>
    </ClInclude>
    <ClInclude Include="Include\Misc.h">
      <Filter>Header Files</Filter>
    </ClInclude>
  </ItemGroup>
  <ItemGroup>
    <ClCompile Include="Source\World\Sector.cpp">
      <Filter>Source Files\World</Filter>
    </ClCompile>
    <ClCompile Include="Source\World\World.cpp">
      <Filter>Source Files\World</Filter>
    </ClCompile>
    <ClCompile Include="Source\World\WorldFile.cpp">
      <Filter>Source Files\World</Filter>
    </ClCompile>
    <ClCompile Include="Source\World\WorldRenderer.cpp">
      <Filter>Source Files\World</Filter>
    </ClCompile>
    <ClCompile Include="Source\World\Entity.cpp">
      <Filter>Source Files\World</Filter>
    </ClCompile>
    <ClCompile Include="Source\World\EntityList.cpp">
      <Filter>Source Files\World</Filter>
    </ClCompile>
    <ClCompile Include="Source\Inventory.cpp">
      <Filter>Source Files</Filter>
    </ClCompile>
    <ClCompile Include="Source\Item.cpp">
      <Filter>Source Files</Filter>
    </ClCompile>
    <ClCompile Include="Source\Material.cpp">
      <Filter>Source Files</Filter>
    </ClCompile>
    <ClCompile Include="Source\MeleeWeapon.cpp">
      <Filter>Source Files</Filter>
    </ClCompile>
    <ClCompile Include="Source\NetworkMessageConverter.cpp">
      <Filter>Source Files</Filter>
    </ClCompile>
    <ClCompile Include="Source\Projectile.cpp">
      <Filter>Source Files</Filter>
    </ClCompile>
    <ClCompile Include="Source\RangedWeapon.cpp">
      <Filter>Source Files</Filter>
    </ClCompile>
    <ClCompile Include="Source\Container.cpp">
      <Filter>Source Files</Filter>
    </ClCompile>
    <ClCompile Include="Source\Food.cpp">
      <Filter>Source Files</Filter>
    </ClCompile>
    <ClCompile Include="Source\Gear.cpp">
      <Filter>Source Files</Filter>
    </ClCompile>
    <ClCompile Include="Source\Graphics.cpp">
      <Filter>Source Files</Filter>
    </ClCompile>
    <ClCompile Include="Source\KeyStates.cpp">
      <Filter>Source Files</Filter>
    </ClCompile>
    <ClCompile Include="..\Client\Source\KeyUtil\KeyBindConfig.cpp">
      <Filter>Source Files</Filter>
    </ClCompile>
    <ClCompile Include="..\Client\Source\KeyUtil\Keybinds.cpp">
      <Filter>Source Files</Filter>
    </ClCompile>
    <ClCompile Include="..\Client\Source\KeyUtil\KeyConverter.cpp">
      <Filter>Source Files</Filter>
    </ClCompile>
    <ClCompile Include="..\Client\Source\KeyUtil\KeyHandler.cpp">
      <Filter>Source Files</Filter>
    </ClCompile>
    <ClCompile Include="Source\ItemLookup.cpp">
      <Filter>Source Files</Filter>
    </ClCompile>
    <ClCompile Include="Source\Bandage.cpp">
      <Filter>Source Files</Filter>
    </ClCompile>
    <ClCompile Include="Source\AnimationFileReader.cpp">
      <Filter>Source Files</Filter>
    </ClCompile>
    <ClCompile Include="Source\GameTimer.cpp">
      <Filter>Source Files</Filter>
    </ClCompile>
    <ClCompile Include="Source\Misc.cpp">
      <Filter>Source Files</Filter>
    </ClCompile>
  </ItemGroup>
</Project>