<?xml version="1.0" encoding="utf-8"?>
<Project ToolsVersion="4.0" xmlns="http://schemas.microsoft.com/developer/msbuild/2003">
  <ItemGroup>
    <ClCompile Include="EngineFiles\Server\Actor.cpp">
      <Filter>Server\Actors</Filter>
    </ClCompile>
    <ClCompile Include="EngineFiles\Server\ActorHandler.cpp">
      <Filter>Server</Filter>
    </ClCompile>
    <ClCompile Include="EngineFiles\Server\AI.cpp">
      <Filter>Server</Filter>
    </ClCompile>
    <ClCompile Include="EngineFiles\Server\AnimalActor.cpp">
      <Filter>Server\Actors</Filter>
    </ClCompile>
    <ClCompile Include="EngineFiles\Server\BioActor.cpp">
      <Filter>Server\Actors</Filter>
    </ClCompile>
    <ClCompile Include="EngineFiles\Server\ContainerObject.cpp">
      <Filter>Server\Actors</Filter>
    </ClCompile>
    <ClCompile Include="..\..\..\Source\GameFiles\Items\Container.cpp">
      <Filter>Items</Filter>
    </ClCompile>
    <ClCompile Include="EngineFiles\Server\DynamicObjectActor.cpp">
      <Filter>Server\Actors</Filter>
    </ClCompile>
    <ClCompile Include="EngineFiles\Server\DynamicProjectileObject.cpp">
      <Filter>Server\Actors</Filter>
    </ClCompile>
    <ClCompile Include="EngineFiles\Server\DeerActor.cpp">
      <Filter>Server\Actors</Filter>
    </ClCompile>
    <ClCompile Include="EngineFiles\Server\FoodObject.cpp">
      <Filter>Server\Actors</Filter>
    </ClCompile>
    <ClCompile Include="EngineFiles\Server\MaterialObject.cpp">
      <Filter>Server\Actors</Filter>
    </ClCompile>
    <ClCompile Include="EngineFiles\Server\PlayerActor.cpp">
      <Filter>Server\Actors</Filter>
    </ClCompile>
    <ClCompile Include="..\..\..\Source\GameFiles\Items\Equipment.cpp">
      <Filter>Items</Filter>
    </ClCompile>
    <ClCompile Include="..\..\..\Source\GameFiles\Items\Food.cpp">
      <Filter>Items</Filter>
    </ClCompile>
    <ClCompile Include="..\..\..\Source\GameFiles\Items\Gear.cpp">
      <Filter>Items</Filter>
    </ClCompile>
    <ClCompile Include="EngineFiles\Network\ClientChannel.cpp">
      <Filter>Network</Filter>
    </ClCompile>
    <ClCompile Include="EngineFiles\Network\ClientConnectedEvent.cpp">
      <Filter>Network</Filter>
    </ClCompile>
    <ClCompile Include="EngineFiles\WorldFiles\Entity.cpp">
      <Filter>WorldFiles</Filter>
    </ClCompile>
    <ClCompile Include="EngineFiles\WorldFiles\EntityList.cpp">
      <Filter>WorldFiles</Filter>
    </ClCompile>
    <ClCompile Include="EngineFiles\WorldFiles\Sector.cpp">
      <Filter>WorldFiles</Filter>
    </ClCompile>
    <ClCompile Include="EngineFiles\WorldFiles\World.cpp">
      <Filter>WorldFiles</Filter>
    </ClCompile>
    <ClCompile Include="EngineFiles\WorldFiles\WorldFile.cpp">
      <Filter>WorldFiles</Filter>
    </ClCompile>
    <ClCompile Include="EngineFiles\Server\Host.cpp">
      <Filter>Server</Filter>
    </ClCompile>
    <ClCompile Include="EngineFiles\Server\HostConversions.cpp">
      <Filter>Server</Filter>
    </ClCompile>
    <ClCompile Include="EngineFiles\Server\HostItemHandler.cpp">
      <Filter>Server</Filter>
    </ClCompile>
    <ClCompile Include="..\..\..\Source\GameFiles\Items\Inventory.cpp">
      <Filter>Items</Filter>
    </ClCompile>
    <ClCompile Include="..\..\..\Source\GameFiles\Items\Item.cpp">
      <Filter>Items</Filter>
    </ClCompile>
    <ClCompile Include="..\..\..\Source\GameFiles\KeyUtil\KeyStates.cpp">
      <Filter>KeyUtil</Filter>
    </ClCompile>
    <ClCompile Include="..\..\..\Source\GameFiles\Items\Material.cpp">
      <Filter>Items</Filter>
    </ClCompile>
    <ClCompile Include="EngineFiles\Network\ServerListener.cpp">
      <Filter>Network</Filter>
    </ClCompile>
    <ClCompile Include="..\..\..\Source\GameFiles\Items\Projectile.cpp">
      <Filter>Items</Filter>
    </ClCompile>
    <ClCompile Include="EngineFiles\Server\WeaponObject.cpp">
      <Filter>Server\Actors</Filter>
    </ClCompile>
    <ClCompile Include="..\..\..\Source\GameFiles\Items\RangedWeapon.cpp">
      <Filter>Items</Filter>
    </ClCompile>
    <ClCompile Include="..\..\..\Source\GameFiles\Items\MeleeWeapon.cpp">
      <Filter>Items</Filter>
    </ClCompile>
    <ClCompile Include="..\..\..\Source\MaloWLib\Process.cpp">
      <Filter>MalowLib</Filter>
    </ClCompile>
    <ClCompile Include="EngineFiles\Server\StaticProjectileObject.cpp">
      <Filter>Server\Actors</Filter>
    </ClCompile>
    <ClCompile Include="EngineFiles\Server\StaticObjectActor.cpp">
      <Filter>Server\Actors</Filter>
    </ClCompile>
    <ClCompile Include="EngineFiles\ServerEngine.cpp">
      <Filter>Server</Filter>
    </ClCompile>
    <ClCompile Include="EngineFiles\Network\NetworkServer.cpp">
      <Filter>Network</Filter>
    </ClCompile>
    <ClCompile Include="..\..\..\Source\Network\NetworkMessageConverter.cpp">
      <Filter>Network</Filter>
    </ClCompile>
    <ClCompile Include="EngineFiles\Server\ObjectManager.cpp">
      <Filter>Server</Filter>
    </ClCompile>
    <ClCompile Include="Wrapper\ServerEngineWrapper.cpp">
      <Filter>Wrapper</Filter>
    </ClCompile>
    <ClCompile Include="EngineFiles\Server\PhysicsActor.cpp">
      <Filter>Server\Actors</Filter>
    </ClCompile>
    <ClCompile Include="EngineFiles\Server\WolfActor.cpp">
      <Filter>Server\Actors</Filter>
    </ClCompile>
    <ClCompile Include="EngineFiles\Server\DeadPlayerObjectActor.cpp">
      <Filter>Server\Actors</Filter>
    </ClCompile>
    <ClCompile Include="EngineFiles\Server\ClientData.cpp">
      <Filter>Server</Filter>
    </ClCompile>
    <ClCompile Include="PhysicsEngine\PhysicsEngine.cpp">
      <Filter>PhysicsEngine</Filter>
    </ClCompile>
    <ClCompile Include="PhysicsEngine\PhysicsObject.cpp">
      <Filter>PhysicsEngine</Filter>
    </ClCompile>
    <ClCompile Include="PhysicsEngine\ObjLoader.cpp">
      <Filter>PhysicsEngine</Filter>
    </ClCompile>
    <ClCompile Include="PhysicsEngine\Physics.cpp">
      <Filter>PhysicsEngine</Filter>
    </ClCompile>
    <ClCompile Include="EngineFiles\Server\DeadActor.cpp">
      <Filter>Server\Actors</Filter>
    </ClCompile>
    <ClCompile Include="EngineFiles\Server\DeadAnimalObjectActor.cpp">
      <Filter>Server\Actors</Filter>
    </ClCompile>
    <ClCompile Include="..\..\..\Source\GameFiles\FileReader.cpp">
      <Filter>Server</Filter>
    </ClCompile>
    <ClCompile Include="EngineFiles\Server\GhostActor.cpp">
      <Filter>Server\Actors</Filter>
    </ClCompile>
    <ClCompile Include="EngineFiles\Server\BearActor.cpp">
      <Filter>Server\Actors</Filter>
    </ClCompile>
  </ItemGroup>
  <ItemGroup>
    <ClInclude Include="EngineFiles\Server\Actor.h">
      <Filter>Server\Actors</Filter>
    </ClInclude>
    <ClInclude Include="EngineFiles\Server\ActorHandler.h">
      <Filter>Server</Filter>
    </ClInclude>
    <ClInclude Include="EngineFiles\Server\AI.h">
      <Filter>Server</Filter>
    </ClInclude>
    <ClInclude Include="EngineFiles\Server\AnimalActor.h">
      <Filter>Server\Actors</Filter>
    </ClInclude>
    <ClInclude Include="EngineFiles\Server\BioActor.h">
      <Filter>Server\Actors</Filter>
    </ClInclude>
    <ClInclude Include="EngineFiles\Server\ContainerObject.h">
      <Filter>Server\Actors</Filter>
    </ClInclude>
    <ClInclude Include="..\..\..\Source\GameFiles\Items\Container.h">
      <Filter>Items</Filter>
    </ClInclude>
    <ClInclude Include="EngineFiles\Server\DynamicObjectActor.h">
      <Filter>Server\Actors</Filter>
    </ClInclude>
    <ClInclude Include="EngineFiles\Server\DynamicProjectileObject.h">
      <Filter>Server\Actors</Filter>
    </ClInclude>
    <ClInclude Include="EngineFiles\Server\DeerActor.h">
      <Filter>Server\Actors</Filter>
    </ClInclude>
    <ClInclude Include="EngineFiles\Server\FoodObject.h">
      <Filter>Server\Actors</Filter>
    </ClInclude>
    <ClInclude Include="EngineFiles\Server\MaterialObject.h">
      <Filter>Server\Actors</Filter>
    </ClInclude>
    <ClInclude Include="EngineFiles\Server\PlayerActor.h">
      <Filter>Server\Actors</Filter>
    </ClInclude>
    <ClInclude Include="..\..\..\Source\GameFiles\Items\Equipment.h">
      <Filter>Items</Filter>
    </ClInclude>
    <ClInclude Include="..\..\..\Source\GameFiles\Items\Food.h">
      <Filter>Items</Filter>
    </ClInclude>
    <ClInclude Include="..\..\..\Source\GameFiles\Items\Gear.h">
      <Filter>Items</Filter>
    </ClInclude>
    <ClInclude Include="EngineFiles\Network\ClientChannel.h">
      <Filter>Network</Filter>
    </ClInclude>
    <ClInclude Include="EngineFiles\Network\ClientConnectedEvent.h">
      <Filter>Network</Filter>
    </ClInclude>
    <ClInclude Include="EngineFiles\WorldFiles\CircleAndRect.h">
      <Filter>WorldFiles</Filter>
    </ClInclude>
    <ClInclude Include="EngineFiles\WorldFiles\Entity.h">
      <Filter>WorldFiles</Filter>
    </ClInclude>
    <ClInclude Include="EngineFiles\WorldFiles\EntityList.h">
      <Filter>WorldFiles</Filter>
    </ClInclude>
    <ClInclude Include="EngineFiles\WorldFiles\Sector.h">
      <Filter>WorldFiles</Filter>
    </ClInclude>
    <ClInclude Include="EngineFiles\WorldFiles\World.h">
      <Filter>WorldFiles</Filter>
    </ClInclude>
    <ClInclude Include="EngineFiles\WorldFiles\WorldEvents.h">
      <Filter>WorldFiles</Filter>
    </ClInclude>
    <ClInclude Include="EngineFiles\WorldFiles\WorldFile.h">
      <Filter>WorldFiles</Filter>
    </ClInclude>
    <ClInclude Include="EngineFiles\Server\Host.h">
      <Filter>Server</Filter>
    </ClInclude>
    <ClInclude Include="..\..\..\Source\GameFiles\Items\Inventory.h">
      <Filter>Items</Filter>
    </ClInclude>
    <ClInclude Include="..\..\..\Source\GameFiles\Items\Item.h">
      <Filter>Items</Filter>
    </ClInclude>
    <ClInclude Include="..\..\..\Source\GameFiles\KeyUtil\KeyStates.h">
      <Filter>KeyUtil</Filter>
    </ClInclude>
    <ClInclude Include="..\..\..\Source\GameFiles\KeyUtil\KeyValues.h">
      <Filter>KeyUtil</Filter>
    </ClInclude>
    <ClInclude Include="..\..\..\Source\GameFiles\Items\Material.h">
      <Filter>Items</Filter>
    </ClInclude>
    <ClInclude Include="EngineFiles\WorldFiles\Observer.h">
      <Filter>WorldFiles</Filter>
    </ClInclude>
    <ClInclude Include="EngineFiles\Network\ServerListener.h">
      <Filter>Network</Filter>
    </ClInclude>
    <ClInclude Include="EngineFiles\Network\Winsock.h">
      <Filter>Network</Filter>
    </ClInclude>
    <ClInclude Include="..\..\..\Source\GameFiles\Items\Projectile.h">
      <Filter>Items</Filter>
    </ClInclude>
    <ClInclude Include="..\..\..\Source\GameFiles\Items\Weapon.h">
      <Filter>Items</Filter>
    </ClInclude>
    <ClInclude Include="EngineFiles\Server\WeaponObject.h">
      <Filter>Server\Actors</Filter>
    </ClInclude>
    <ClInclude Include="..\..\..\Source\GameFiles\Items\RangedWeapon.h">
      <Filter>Items</Filter>
    </ClInclude>
    <ClInclude Include="..\..\..\Source\GameFiles\Items\MeleeWeapon.h">
      <Filter>Items</Filter>
    </ClInclude>
    <ClInclude Include="..\..\..\Source\MaloWLib\Array.h">
      <Filter>MalowLib</Filter>
    </ClInclude>
    <ClInclude Include="..\..\..\Source\MaloWLib\List.h">
      <Filter>MalowLib</Filter>
    </ClInclude>
    <ClInclude Include="..\..\..\Source\MaloWLib\MaloW.h">
      <Filter>MalowLib</Filter>
    </ClInclude>
    <ClInclude Include="..\..\..\Source\MaloWLib\MaloWFileDebug.h">
      <Filter>MalowLib</Filter>
    </ClInclude>
    <ClInclude Include="..\..\..\Source\MaloWLib\Process.h">
      <Filter>MalowLib</Filter>
    </ClInclude>
    <ClInclude Include="..\..\..\Source\MaloWLib\Queue.h">
      <Filter>MalowLib</Filter>
    </ClInclude>
    <ClInclude Include="..\..\..\Source\MaloWLib\Safe.h">
      <Filter>MalowLib</Filter>
    </ClInclude>
    <ClInclude Include="..\..\..\External\NDYGFX\Include\Vector.h">
      <Filter>MalowLib</Filter>
    </ClInclude>
    <ClInclude Include="EngineFiles\Server\StaticProjectileObject.h">
      <Filter>Server\Actors</Filter>
    </ClInclude>
    <ClInclude Include="EngineFiles\Server\StaticObjectActor.h">
      <Filter>Server\Actors</Filter>
    </ClInclude>
    <ClInclude Include="EngineFiles\ServerEngine.h">
      <Filter>Server</Filter>
    </ClInclude>
    <ClInclude Include="EngineFiles\Network\NetworkServer.h">
      <Filter>Network</Filter>
    </ClInclude>
    <ClInclude Include="EngineFiles\Network\NetworkPacket.h">
      <Filter>Network</Filter>
    </ClInclude>
    <ClInclude Include="..\..\..\Source\Network\NetworkMessageConverter.h">
      <Filter>Network</Filter>
    </ClInclude>
    <ClInclude Include="EngineFiles\Server\ObjectManager.h">
      <Filter>Server</Filter>
    </ClInclude>
    <ClInclude Include="Wrapper\ServerEngineWrapper.h">
      <Filter>Wrapper</Filter>
    </ClInclude>
    <ClInclude Include="..\..\..\Source\GameFiles\ClientServerMessages.h">
      <Filter>Server</Filter>
    </ClInclude>
    <ClInclude Include="..\..\..\Source\GameFiles\AnimationStates.h">
      <Filter>Server</Filter>
    </ClInclude>
    <ClInclude Include="EngineFiles\Server\PhysicsActor.h">
      <Filter>Server\Actors</Filter>
    </ClInclude>
    <ClInclude Include="EngineFiles\Server\WolfActor.h">
      <Filter>Server\Actors</Filter>
    </ClInclude>
    <ClInclude Include="EngineFiles\Server\DeadPlayerObjectActor.h">
      <Filter>Server\Actors</Filter>
    </ClInclude>
    <ClInclude Include="EngineFiles\Server\ClientData.h">
      <Filter>Server</Filter>
    </ClInclude>
    <ClInclude Include="PhysicsEngine\Physics.h">
      <Filter>PhysicsEngine</Filter>
    </ClInclude>
    <ClInclude Include="PhysicsEngine\PhysicsEngine.h">
      <Filter>PhysicsEngine</Filter>
    </ClInclude>
    <ClInclude Include="PhysicsEngine\PhysicsObject.h">
      <Filter>PhysicsEngine</Filter>
    </ClInclude>
    <ClInclude Include="PhysicsEngine\BoundingSphere.h">
      <Filter>PhysicsEngine</Filter>
    </ClInclude>
    <ClInclude Include="PhysicsEngine\ObjLoader.h">
      <Filter>PhysicsEngine</Filter>
    </ClInclude>
    <ClInclude Include="EngineFiles\Server\DeadActor.h">
      <Filter>Server\Actors</Filter>
    </ClInclude>
    <ClInclude Include="EngineFiles\Server\DeadAnimalObjectActor.h">
      <Filter>Server\Actors</Filter>
    </ClInclude>
    <ClInclude Include="..\..\..\Source\GameFiles\FileReader.h">
      <Filter>Server</Filter>
    </ClInclude>
    <ClInclude Include="EngineFiles\Server\GhostActor.h">
      <Filter>Server\Actors</Filter>
    </ClInclude>
    <ClInclude Include="EngineFiles\Server\BearActor.h">
      <Filter>Server\Actors</Filter>
    </ClInclude>
  </ItemGroup>
  <ItemGroup>
    <Filter Include="Server">
      <UniqueIdentifier>{90c597a4-329d-45f4-9335-25016970fc59}</UniqueIdentifier>
    </Filter>
    <Filter Include="Server\Actors">
      <UniqueIdentifier>{24d604fa-9977-4246-bc8b-c182d6ef7f35}</UniqueIdentifier>
    </Filter>
    <Filter Include="PhysicsEngine">
      <UniqueIdentifier>{565f71ff-849e-49b6-89a1-c8f8448b1127}</UniqueIdentifier>
    </Filter>
    <Filter Include="Items">
      <UniqueIdentifier>{81142dc4-c217-4db4-ad68-9c1d53acdbf0}</UniqueIdentifier>
    </Filter>
    <Filter Include="Network">
      <UniqueIdentifier>{744c09c8-f38a-47cd-a830-0509df9c700e}</UniqueIdentifier>
    </Filter>
    <Filter Include="KeyUtil">
      <UniqueIdentifier>{94349f8a-567f-41de-a664-33d22eb00704}</UniqueIdentifier>
    </Filter>
    <Filter Include="WorldFiles">
      <UniqueIdentifier>{edb786af-01ee-4616-9494-0ca54e70ba85}</UniqueIdentifier>
    </Filter>
    <Filter Include="MalowLib">
      <UniqueIdentifier>{e7da8ea8-5326-47a5-8b8b-82ee1535a768}</UniqueIdentifier>
    </Filter>
    <Filter Include="Wrapper">
      <UniqueIdentifier>{a1850df5-0e86-4596-9281-f55050218360}</UniqueIdentifier>
    </Filter>
  </ItemGroup>
</Project>