<?xml version="1.0" encoding="utf-8"?>
<Project ToolsVersion="4.0" xmlns="http://schemas.microsoft.com/developer/msbuild/2003">
  <ItemGroup>
    <Filter Include="Game Files">
      <UniqueIdentifier>{4FC737F1-C7A5-4376-A066-2A32D752A2FF}</UniqueIdentifier>
      <Extensions>cpp;c;cc;cxx;def;odl;idl;hpj;bat;asm;asmx</Extensions>
    </Filter>
    <Filter Include="Other">
      <UniqueIdentifier>{b28a900a-ca47-4f32-8bb3-747d412b3f06}</UniqueIdentifier>
    </Filter>
    <Filter Include="Other\MaloWLib">
      <UniqueIdentifier>{1770d7db-a2dc-4d2c-8d7a-e4d049340e03}</UniqueIdentifier>
    </Filter>
    <Filter Include="Sound Engine Files">
      <UniqueIdentifier>{a4843cc2-979d-4f6c-9809-013d07a66b92}</UniqueIdentifier>
    </Filter>
    <Filter Include="Network">
      <UniqueIdentifier>{9e096803-19e6-4e23-ba16-98558781c92e}</UniqueIdentifier>
    </Filter>
    <Filter Include="External">
      <UniqueIdentifier>{c8c4a0bf-a0ff-4376-9a83-9cc10820a0b7}</UniqueIdentifier>
    </Filter>
    <Filter Include="External\Graphics">
      <UniqueIdentifier>{90262206-d2b8-4843-ac00-c2904e9ec0c2}</UniqueIdentifier>
    </Filter>
    <Filter Include="Game Files\KeyUtil">
      <UniqueIdentifier>{f47f98b2-1160-44cb-afb3-7b2908837955}</UniqueIdentifier>
    </Filter>
    <Filter Include="Game Files\ClientSide">
      <UniqueIdentifier>{faa25a58-0444-4646-ac60-d25ce1086ca7}</UniqueIdentifier>
    </Filter>
    <Filter Include="Game Files\ServerSide">
      <UniqueIdentifier>{c11d50e1-d8b2-43e4-b39c-56796bd3fc0e}</UniqueIdentifier>
    </Filter>
    <Filter Include="Game Files\Items">
      <UniqueIdentifier>{84d54727-12de-4411-907d-382ca95e5889}</UniqueIdentifier>
    </Filter>
  </ItemGroup>
  <ItemGroup>
    <ClCompile Include="..\Source\main.cpp">
      <Filter>Game Files</Filter>
    </ClCompile>
    <ClCompile Include="..\Source\MaloWLib\Process.cpp">
      <Filter>Other\MaloWLib</Filter>
    </ClCompile>
    <ClCompile Include="..\Source\SoundEngine\SoundEngine.cpp">
      <Filter>Sound Engine Files</Filter>
    </ClCompile>
    <ClCompile Include="..\Source\SoundEngine\SoundSong.cpp">
      <Filter>Sound Engine Files</Filter>
    </ClCompile>
    <ClCompile Include="..\Source\SoundEngine\SoundEffect.cpp">
      <Filter>Sound Engine Files</Filter>
    </ClCompile>
    <ClCompile Include="..\Source\GameFiles\MainMenu.cpp">
      <Filter>Game Files</Filter>
    </ClCompile>
    <ClCompile Include="..\Source\GameFiles\Game.cpp">
      <Filter>Game Files</Filter>
    </ClCompile>
    <ClCompile Include="..\Source\Network\ClientChannel.cpp">
      <Filter>Network</Filter>
    </ClCompile>
    <ClCompile Include="..\Source\Network\NetworkServer.cpp">
      <Filter>Network</Filter>
    </ClCompile>
    <ClCompile Include="..\Source\Network\ServerChannel.cpp">
      <Filter>Network</Filter>
    </ClCompile>
    <ClCompile Include="..\Source\Network\ClientConnectedEvent.cpp">
      <Filter>Network</Filter>
    </ClCompile>
    <ClCompile Include="..\Source\Network\NetworkMessageConverter.cpp">
      <Filter>Network</Filter>
    </ClCompile>
    <ClCompile Include="..\Source\Network\ServerListener.cpp">
      <Filter>Network</Filter>
    </ClCompile>
    <ClCompile Include="..\Source\GameFiles\Graphics.cpp">
      <Filter>Game Files</Filter>
    </ClCompile>
    <ClCompile Include="..\Source\GameFiles\KeyUtil\Keybinds.cpp">
      <Filter>Game Files\KeyUtil</Filter>
    </ClCompile>
    <ClCompile Include="..\Source\GameFiles\KeyUtil\KeyHandler.cpp">
      <Filter>Game Files\KeyUtil</Filter>
    </ClCompile>
    <ClCompile Include="..\Source\GameFiles\KeyUtil\KeyStates.cpp">
      <Filter>Game Files\KeyUtil</Filter>
    </ClCompile>
    <ClCompile Include="..\Source\GameFiles\ClientSide\Client.cpp">
      <Filter>Game Files\ClientSide</Filter>
    </ClCompile>
    <ClCompile Include="..\Source\GameFiles\ServerSide\Host.cpp">
      <Filter>Game Files\ServerSide</Filter>
    </ClCompile>
    <ClCompile Include="..\Source\GameFiles\ServerSide\PlayerActor.cpp">
      <Filter>Game Files\ServerSide</Filter>
    </ClCompile>
    <ClCompile Include="..\Source\GameFiles\KeyUtil\KeyBindConfig.cpp">
      <Filter>Game Files\KeyUtil</Filter>
    </ClCompile>
    <ClCompile Include="..\Source\GameFiles\KeyUtil\KeyConverter.cpp">
      <Filter>Game Files\KeyUtil</Filter>
    </ClCompile>
    <ClCompile Include="..\Source\GameFiles\ServerSide\AnimalActor.cpp">
      <Filter>Game Files\ServerSide</Filter>
    </ClCompile>
    <ClCompile Include="..\Source\GameFiles\ServerSide\Actor.cpp">
      <Filter>Game Files\ServerSide</Filter>
    </ClCompile>
    <ClCompile Include="..\Source\GameFiles\ClientSide\DynamicObject.cpp">
      <Filter>Game Files\ClientSide</Filter>
    </ClCompile>
    <ClCompile Include="..\Source\GameFiles\Items\Equipment.cpp">
      <Filter>Game Files\Items</Filter>
    </ClCompile>
    <ClCompile Include="..\Source\GameFiles\Items\Gear.cpp">
      <Filter>Game Files\Items</Filter>
    </ClCompile>
    <ClCompile Include="..\Source\GameFiles\Items\Inventory.cpp">
      <Filter>Game Files\Items</Filter>
    </ClCompile>
    <ClCompile Include="..\Source\GameFiles\Items\Item.cpp">
      <Filter>Game Files\Items</Filter>
    </ClCompile>
    <ClCompile Include="..\Source\GameFiles\Items\MeleeWeapon.cpp">
      <Filter>Game Files\Items</Filter>
    </ClCompile>
    <ClCompile Include="..\Source\GameFiles\Items\RangedWeapon.cpp">
      <Filter>Game Files\Items</Filter>
    </ClCompile>
    <ClCompile Include="..\Source\GameFiles\ServerSide\BioActor.cpp">
      <Filter>Game Files\ServerSide</Filter>
    </ClCompile>
    <ClCompile Include="..\Source\GameFiles\ClientSide\WorldObjectManager.cpp">
      <Filter>Game Files\ClientSide</Filter>
    </ClCompile>
    <ClCompile Include="..\Source\GameFiles\ClientSide\AnimalObject.cpp">
      <Filter>Game Files\ClientSide</Filter>
    </ClCompile>
    <ClCompile Include="..\Source\GameFiles\ClientSide\PlayerObject.cpp">
      <Filter>Game Files\ClientSide</Filter>
    </ClCompile>
    <ClCompile Include="..\Source\GameFiles\ServerSide\WeaponObject.cpp">
      <Filter>Game Files\ServerSide</Filter>
    </ClCompile>
    <ClCompile Include="..\Source\GameFiles\ServerSide\StaticObjectActor.cpp">
      <Filter>Game Files\ServerSide</Filter>
    </ClCompile>
    <ClCompile Include="..\Source\GameFiles\ServerSide\ObjectManager.cpp">
      <Filter>Game Files\ServerSide</Filter>
    </ClCompile>
    <ClCompile Include="..\Source\GameFiles\ServerSide\FoodObject.cpp">
      <Filter>Game Files\ServerSide</Filter>
    </ClCompile>
    <ClCompile Include="..\Source\GameFiles\ServerSide\ActorHandler.cpp">
      <Filter>Game Files\ServerSide</Filter>
    </ClCompile>
  </ItemGroup>
  <ItemGroup>
    <ClInclude Include="..\Source\MaloWLib\Array.h">
      <Filter>Other\MaloWLib</Filter>
    </ClInclude>
    <ClInclude Include="..\Source\MaloWLib\List.h">
      <Filter>Other\MaloWLib</Filter>
    </ClInclude>
    <ClInclude Include="..\Source\MaloWLib\MaloW.h">
      <Filter>Other\MaloWLib</Filter>
    </ClInclude>
    <ClInclude Include="..\Source\MaloWLib\MaloWFileDebug.h">
      <Filter>Other\MaloWLib</Filter>
    </ClInclude>
    <ClInclude Include="..\Source\MaloWLib\Process.h">
      <Filter>Other\MaloWLib</Filter>
    </ClInclude>
    <ClInclude Include="..\Source\MaloWLib\Queue.h">
      <Filter>Other\MaloWLib</Filter>
    </ClInclude>
    <ClInclude Include="..\Source\SoundEngine\SoundEngine.h">
      <Filter>Sound Engine Files</Filter>
    </ClInclude>
    <ClInclude Include="..\Source\SoundEngine\SoundSong.h">
      <Filter>Sound Engine Files</Filter>
    </ClInclude>
    <ClInclude Include="..\Source\SoundEngine\SoundEffect.h">
      <Filter>Sound Engine Files</Filter>
    </ClInclude>
    <ClInclude Include="..\Source\GameFiles\MainMenu.h">
      <Filter>Game Files</Filter>
    </ClInclude>
    <ClInclude Include="..\Source\GameFiles\Game.h">
      <Filter>Game Files</Filter>
    </ClInclude>
    <ClInclude Include="..\Source\Network\ClientChannel.h">
      <Filter>Network</Filter>
    </ClInclude>
    <ClInclude Include="..\Source\Network\NetworkPacket.h">
      <Filter>Network</Filter>
    </ClInclude>
    <ClInclude Include="..\Source\Network\NetworkServer.h">
      <Filter>Network</Filter>
    </ClInclude>
    <ClInclude Include="..\Source\Network\ServerChannel.h">
      <Filter>Network</Filter>
    </ClInclude>
    <ClInclude Include="..\Source\Network\ClientConnectedEvent.h">
      <Filter>Network</Filter>
    </ClInclude>
    <ClInclude Include="..\Source\Network\NetworkMessageConverter.h">
      <Filter>Network</Filter>
    </ClInclude>
    <ClInclude Include="..\Source\Network\ServerListener.h">
      <Filter>Network</Filter>
    </ClInclude>
    <ClInclude Include="..\Source\GameFiles\Graphics.h">
      <Filter>Game Files</Filter>
    </ClInclude>
    <ClInclude Include="..\External\NDYGFX\Include\iLight.h">
      <Filter>External\Graphics</Filter>
    </ClInclude>
    <ClInclude Include="..\External\NDYGFX\Include\iMesh.h">
      <Filter>External\Graphics</Filter>
    </ClInclude>
    <ClInclude Include="..\External\NDYGFX\Include\iTerrain.h">
      <Filter>External\Graphics</Filter>
    </ClInclude>
    <ClInclude Include="..\External\NDYGFX\Include\iText.h">
      <Filter>External\Graphics</Filter>
    </ClInclude>
    <ClInclude Include="..\External\NDYGFX\Include\Vector.h">
      <Filter>External\Graphics</Filter>
    </ClInclude>
    <ClInclude Include="..\External\NDYGFX\Include\GraphicsEngine.h">
      <Filter>External\Graphics</Filter>
    </ClInclude>
    <ClInclude Include="..\External\NDYGFX\Include\iAnimatedMesh.h">
      <Filter>External\Graphics</Filter>
    </ClInclude>
    <ClInclude Include="..\External\NDYGFX\Include\iCamera.h">
      <Filter>External\Graphics</Filter>
    </ClInclude>
    <ClInclude Include="..\External\NDYGFX\Include\iGraphicsEngineParams.h">
      <Filter>External\Graphics</Filter>
    </ClInclude>
    <ClInclude Include="..\External\NDYGFX\Include\iImage.h">
      <Filter>External\Graphics</Filter>
    </ClInclude>
    <ClInclude Include="..\External\NDYGFX\Include\iKeyListener.h">
      <Filter>External\Graphics</Filter>
    </ClInclude>
    <ClInclude Include="..\Source\Network\Winsock.h">
      <Filter>Network</Filter>
    </ClInclude>
    <ClInclude Include="..\Source\SoundEngine\fmod.h">
      <Filter>Sound Engine Files</Filter>
    </ClInclude>
    <ClInclude Include="..\Source\GameFiles\AnimationStates.h">
      <Filter>Game Files</Filter>
    </ClInclude>
    <ClInclude Include="..\Source\GameFiles\KeyUtil\Keybinds.h">
      <Filter>Game Files\KeyUtil</Filter>
    </ClInclude>
    <ClInclude Include="..\Source\GameFiles\KeyUtil\KeyHandler.h">
      <Filter>Game Files\KeyUtil</Filter>
    </ClInclude>
    <ClInclude Include="..\Source\GameFiles\KeyUtil\KeyStates.h">
      <Filter>Game Files\KeyUtil</Filter>
    </ClInclude>
    <ClInclude Include="..\Source\GameFiles\KeyUtil\KeyValues.h">
      <Filter>Game Files\KeyUtil</Filter>
    </ClInclude>
    <ClInclude Include="..\Source\GameFiles\ClientSide\Client.h">
      <Filter>Game Files\ClientSide</Filter>
    </ClInclude>
    <ClInclude Include="..\Source\GameFiles\ServerSide\Actor.h">
      <Filter>Game Files\ServerSide</Filter>
    </ClInclude>
    <ClInclude Include="..\Source\GameFiles\ServerSide\Host.h">
      <Filter>Game Files\ServerSide</Filter>
    </ClInclude>
    <ClInclude Include="..\Source\GameFiles\ServerSide\PlayerActor.h">
      <Filter>Game Files\ServerSide</Filter>
    </ClInclude>
    <ClInclude Include="..\Source\GameFiles\ClientSide\WorldObject.h">
      <Filter>Game Files\ClientSide</Filter>
    </ClInclude>
    <ClInclude Include="..\Source\GameFiles\ClientSide\StaticObject.h">
      <Filter>Game Files\ClientSide</Filter>
    </ClInclude>
    <ClInclude Include="..\Source\GameFiles\KeyUtil\KeyBindConfig.h">
      <Filter>Game Files\KeyUtil</Filter>
    </ClInclude>
    <ClInclude Include="..\Source\GameFiles\KeyUtil\KeyConverter.h">
      <Filter>Game Files\KeyUtil</Filter>
    </ClInclude>
    <ClInclude Include="..\Source\GameFiles\ServerSide\AnimalActor.h">
      <Filter>Game Files\ServerSide</Filter>
    </ClInclude>
    <ClInclude Include="..\Source\GameFiles\ServerSide\BioActor.h">
      <Filter>Game Files\ServerSide</Filter>
    </ClInclude>
    <ClInclude Include="..\source\gamefiles\clientside\DynamicObject.h">
      <Filter>Game Files\ClientSide</Filter>
    </ClInclude>
    <ClInclude Include="..\Source\GameFiles\Items\Equipment.h">
      <Filter>Game Files\Items</Filter>
    </ClInclude>
    <ClInclude Include="..\Source\GameFiles\Items\Gear.h">
      <Filter>Game Files\Items</Filter>
    </ClInclude>
    <ClInclude Include="..\Source\GameFiles\Items\Inventory.h">
      <Filter>Game Files\Items</Filter>
    </ClInclude>
    <ClInclude Include="..\Source\GameFiles\Items\Item.h">
      <Filter>Game Files\Items</Filter>
    </ClInclude>
    <ClInclude Include="..\Source\GameFiles\Items\MeleeWeapon.h">
      <Filter>Game Files\Items</Filter>
    </ClInclude>
    <ClInclude Include="..\Source\GameFiles\Items\RangedWeapon.h">
      <Filter>Game Files\Items</Filter>
    </ClInclude>
    <ClInclude Include="..\Source\GameFiles\Items\Weapon.h">
      <Filter>Game Files\Items</Filter>
    </ClInclude>
    <ClInclude Include="..\Source\GameFiles\ServerSide\StaticObjectActor.h">
      <Filter>Game Files\ServerSide</Filter>
    </ClInclude>
    <ClInclude Include="..\Source\GameFiles\ClientSide\WorldObjectManager.h">
      <Filter>Game Files\ClientSide</Filter>
    </ClInclude>
    <ClInclude Include="..\Source\GameFiles\ClientSide\OrganicObject.h">
      <Filter>Game Files\ClientSide</Filter>
    </ClInclude>
    <ClInclude Include="..\Source\GameFiles\ClientSide\AnimalObject.h">
      <Filter>Game Files\ClientSide</Filter>
    </ClInclude>
    <ClInclude Include="..\Source\GameFiles\ClientSide\PlayerObject.h">
      <Filter>Game Files\ClientSide</Filter>
    </ClInclude>
    <ClInclude Include="..\Source\GameFiles\ServerSide\WeaponObject.h">
      <Filter>Game Files\ServerSide</Filter>
    </ClInclude>
    <ClInclude Include="..\Source\GameFiles\ServerSide\ObjectManager.h">
      <Filter>Game Files\ServerSide</Filter>
    </ClInclude>
    <ClInclude Include="..\Source\GameFiles\ServerSide\FoodObject.h">
      <Filter>Game Files\ServerSide</Filter>
    </ClInclude>
    <ClInclude Include="..\Source\GameFiles\ServerSide\ActorHandler.h">
      <Filter>Game Files\ServerSide</Filter>
    </ClInclude>
    <ClInclude Include="..\Source\GameFiles\ServerSide\DynamicObjectActor.h">
      <Filter>Game Files\ServerSide</Filter>
    </ClInclude>
  </ItemGroup>
  <ItemGroup>
    <None Include="GameIcon.ico" />
  </ItemGroup>
  <ItemGroup>
    <ResourceCompile Include="NotDeadYet.rc" />
  </ItemGroup>
</Project>